
Microsoft Visual Studio Solution File, Format Version 12.00
# Visual Studio Version 17
VisualStudioVersion = 17.5.002.0
MinimumVisualStudioVersion = 10.0.40219.1
Project("{9A19103F-16F7-4668-BE54-9A1E7A4F7556}") = "TravelCompanion - Backup.MAUI", "TravelCompanion - Backup.MAUI.csproj", "{B58B937E-A090-4C17-B219-B109DB4B561F}"
EndProject
Project("{9A19103F-16F7-4668-BE54-9A1E7A4F7556}") = "TravelCompanion.MAUI", "TravelCompanion.MAUI.csproj", "{24FE1FBC-198C-4366-BEB9-936720583F74}"
EndProject
Global
	GlobalSection(SolutionConfigurationPlatforms) = preSolution
		Debug|Any CPU = Debug|Any CPU
		Release|Any CPU = Release|Any CPU
	EndGlobalSection
	GlobalSection(ProjectConfigurationPlatforms) = postSolution
		{B58B937E-A090-4C17-B219-B109DB4B561F}.Debug|Any CPU.ActiveCfg = Debug|Any CPU
		{B58B937E-A090-4C17-B219-B109DB4B561F}.Debug|Any CPU.Build.0 = Debug|Any CPU
		{B58B937E-A090-4C17-B219-B109DB4B561F}.Release|Any CPU.ActiveCfg = Release|Any CPU
		{B58B937E-A090-4C17-B219-B109DB4B561F}.Release|Any CPU.Build.0 = Release|Any CPU
		{24FE1FBC-198C-4366-BEB9-936720583F74}.Debug|Any CPU.ActiveCfg = Debug|Any CPU
		{24FE1FBC-198C-4366-BEB9-936720583F74}.Debug|Any CPU.Build.0 = Debug|Any CPU
		{24FE1FBC-198C-4366-BEB9-936720583F74}.Release|Any CPU.ActiveCfg = Release|Any CPU
		{24FE1FBC-198C-4366-BEB9-936720583F74}.Release|Any CPU.Build.0 = Release|Any CPU
	EndGlobalSection
	GlobalSection(SolutionProperties) = preSolution
		HideSolutionNode = FALSE
	EndGlobalSection
	GlobalSection(ExtensibilityGlobals) = postSolution
		SolutionGuid = {D3E337AD-8706-4724-8021-79A3865D505C}
	EndGlobalSection
EndGlobal
